PODS:
  - Charts (3.2.2):
    - Charts/Core (= 3.2.2)
  - Charts/Core (3.2.2)
  - GoogleMaps/Base (3.0.3)
  - GooglePlaces (3.0.3):
    - GoogleMaps/Base (= 3.0.3)

DEPENDENCIES:
  - Charts
  - GooglePlaces

SPEC REPOS:
  https://github.com/cocoapods/specs.git:
    - Charts
    - GoogleMaps
    - GooglePlaces

SPEC CHECKSUMS:
  Charts: f69cf0518b6d1d62608ca504248f1bbe0b6ae77e
  GoogleMaps: fd5c9fa58871781b9fb94d4936f19c69fe60ce32
  GooglePlaces: f09e76993c9c3ee4af8f4f7f535bb94d6aa3b649

PODFILE CHECKSUM: 53204573162697a7c98d947a15ad6518463f78cb

COCOAPODS: 1.6.1
